
Microsoft Visual Studio Solution File, Format Version 12.00
# Visual Studio Express 2013 for Web
VisualStudioVersion = 12.0.30110.0
MinimumVisualStudioVersion = 10.0.40219.1
Project("{FAE04EC0-301F-11D3-BF4B-00C04F79EFBC}") = "Mine.CMS", "Mine.CMS\Mine.CMS.csproj", "{F287199F-A707-4CFB-8B41-5361C12749E6}"
EndProject
Project("{FAE04EC0-301F-11D3-BF4B-00C04F79EFBC}") = "Mine.CMS.Tests", "Mine.CMS.Tests\Mine.CMS.Tests.csproj", "{5188F162-BCD4-4D45-AA14-98C208BC57C5}"
EndProject
Project("{FAE04EC0-301F-11D3-BF4B-00C04F79EFBC}") = "Mine.Web", "Mine.Web\Mine.Web.csproj", "{5EF44E37-D058-4442-B186-E36465D25FEE}"
EndProject
Project("{FAE04EC0-301F-11D3-BF4B-00C04F79EFBC}") = "Mine.Web.Tests", "Mine.Web.Tests\Mine.Web.Tests.csproj", "{7BEEABFF-0E62-43AF-81D6-E3FFA007F930}"
EndProject
Project("{FAE04EC0-301F-11D3-BF4B-00C04F79EFBC}") = "Mine.Core", "Mine.Core\Mine.Core.csproj", "{F8D6D946-2AA3-437F-A182-52ADEACA67F0}"
EndProject
Project("{FAE04EC0-301F-11D3-BF4B-00C04F79EFBC}") = "Mine.Data", "Mine.Data\Mine.Data.csproj", "{B0A90E9E-BF0E-4E94-8DE8-772B2A1898DE}"
EndProject
Project("{FAE04EC0-301F-11D3-BF4B-00C04F79EFBC}") = "Mine.Common", "Mine.Common\Mine.Common.csproj", "{277DECBD-D14F-4E77-B29F-B4B1843BE2DE}"
EndProject
Project("{2150E333-8FDC-42A3-9474-1A3956D46DE8}") = "Web", "Web", "{FCF76F75-3519-410C-8A46-8ED59EB499AF}"
EndProject
Project("{2150E333-8FDC-42A3-9474-1A3956D46DE8}") = "Tests", "Tests", "{D66BAD59-9497-4D39-8348-7098AC7DE3BD}"
EndProject
Project("{2150E333-8FDC-42A3-9474-1A3956D46DE8}") = "Class libraries", "Class libraries", "{EA6664E7-C71D-4B16-BD3E-5C77AC089196}"
EndProject
Global
	GlobalSection(SolutionConfigurationPlatforms) = preSolution
		Debug|Any CPU = Debug|Any CPU
		Release|Any CPU = Release|Any CPU
	EndGlobalSection
	GlobalSection(ProjectConfigurationPlatforms) = postSolution
		{F287199F-A707-4CFB-8B41-5361C12749E6}.Debug|Any CPU.ActiveCfg = Debug|Any CPU
		{F287199F-A707-4CFB-8B41-5361C12749E6}.Debug|Any CPU.Build.0 = Debug|Any CPU
		{F287199F-A707-4CFB-8B41-5361C12749E6}.Release|Any CPU.ActiveCfg = Release|Any CPU
		{F287199F-A707-4CFB-8B41-5361C12749E6}.Release|Any CPU.Build.0 = Release|Any CPU
		{5188F162-BCD4-4D45-AA14-98C208BC57C5}.Debug|Any CPU.ActiveCfg = Debug|Any CPU
		{5188F162-BCD4-4D45-AA14-98C208BC57C5}.Debug|Any CPU.Build.0 = Debug|Any CPU
		{5188F162-BCD4-4D45-AA14-98C208BC57C5}.Release|Any CPU.ActiveCfg = Release|Any CPU
		{5188F162-BCD4-4D45-AA14-98C208BC57C5}.Release|Any CPU.Build.0 = Release|Any CPU
		{5EF44E37-D058-4442-B186-E36465D25FEE}.Debug|Any CPU.ActiveCfg = Debug|Any CPU
		{5EF44E37-D058-4442-B186-E36465D25FEE}.Debug|Any CPU.Build.0 = Debug|Any CPU
		{5EF44E37-D058-4442-B186-E36465D25FEE}.Release|Any CPU.ActiveCfg = Release|Any CPU
		{5EF44E37-D058-4442-B186-E36465D25FEE}.Release|Any CPU.Build.0 = Release|Any CPU
		{7BEEABFF-0E62-43AF-81D6-E3FFA007F930}.Debug|Any CPU.ActiveCfg = Debug|Any CPU
		{7BEEABFF-0E62-43AF-81D6-E3FFA007F930}.Debug|Any CPU.Build.0 = Debug|Any CPU
		{7BEEABFF-0E62-43AF-81D6-E3FFA007F930}.Release|Any CPU.ActiveCfg = Release|Any CPU
		{7BEEABFF-0E62-43AF-81D6-E3FFA007F930}.Release|Any CPU.Build.0 = Release|Any CPU
		{F8D6D946-2AA3-437F-A182-52ADEACA67F0}.Debug|Any CPU.ActiveCfg = Debug|Any CPU
		{F8D6D946-2AA3-437F-A182-52ADEACA67F0}.Debug|Any CPU.Build.0 = Debug|Any CPU
		{F8D6D946-2AA3-437F-A182-52ADEACA67F0}.Release|Any CPU.ActiveCfg = Release|Any CPU
		{F8D6D946-2AA3-437F-A182-52ADEACA67F0}.Release|Any CPU.Build.0 = Release|Any CPU
		{B0A90E9E-BF0E-4E94-8DE8-772B2A1898DE}.Debug|Any CPU.ActiveCfg = Debug|Any CPU
		{B0A90E9E-BF0E-4E94-8DE8-772B2A1898DE}.Debug|Any CPU.Build.0 = Debug|Any CPU
		{B0A90E9E-BF0E-4E94-8DE8-772B2A1898DE}.Release|Any CPU.ActiveCfg = Release|Any CPU
		{B0A90E9E-BF0E-4E94-8DE8-772B2A1898DE}.Release|Any CPU.Build.0 = Release|Any CPU
		{277DECBD-D14F-4E77-B29F-B4B1843BE2DE}.Debug|Any CPU.ActiveCfg = Debug|Any CPU
		{277DECBD-D14F-4E77-B29F-B4B1843BE2DE}.Debug|Any CPU.Build.0 = Debug|Any CPU
		{277DECBD-D14F-4E77-B29F-B4B1843BE2DE}.Release|Any CPU.ActiveCfg = Release|Any CPU
		{277DECBD-D14F-4E77-B29F-B4B1843BE2DE}.Release|Any CPU.Build.0 = Release|Any CPU
	EndGlobalSection
	GlobalSection(SolutionProperties) = preSolution
		HideSolutionNode = FALSE
	EndGlobalSection
	GlobalSection(NestedProjects) = preSolution
		{F287199F-A707-4CFB-8B41-5361C12749E6} = {FCF76F75-3519-410C-8A46-8ED59EB499AF}
		{5EF44E37-D058-4442-B186-E36465D25FEE} = {FCF76F75-3519-410C-8A46-8ED59EB499AF}
		{5188F162-BCD4-4D45-AA14-98C208BC57C5} = {D66BAD59-9497-4D39-8348-7098AC7DE3BD}
		{7BEEABFF-0E62-43AF-81D6-E3FFA007F930} = {D66BAD59-9497-4D39-8348-7098AC7DE3BD}
		{277DECBD-D14F-4E77-B29F-B4B1843BE2DE} = {EA6664E7-C71D-4B16-BD3E-5C77AC089196}
		{F8D6D946-2AA3-437F-A182-52ADEACA67F0} = {EA6664E7-C71D-4B16-BD3E-5C77AC089196}
		{B0A90E9E-BF0E-4E94-8DE8-772B2A1898DE} = {EA6664E7-C71D-4B16-BD3E-5C77AC089196}
	EndGlobalSection
EndGlobal
